{
  "name": "angular-todo-app",
  "version": "0.1.0",
  "lockfileVersion": 1,
  "requires": true,
  "dependencies": {
    "angular": {
      "version": "1.7.7",
      "resolved": "https://registry.npmjs.org/angular/-/angular-1.7.7.tgz",
      "integrity": "sha512-MH3JEGd8y/EkNCKJ8EV6Ch0j9X0rZTta/QVIDpBWaIdfh85/e5KO8+ZKgvWIb02MQuiS20pDFmMFlv4ZaLcLWg=="
    },
    "eslint-plugin-chai-expect": {
      "version": "2.0.1",
      "resolved": "https://registry.npmjs.org/eslint-plugin-chai-expect/-/eslint-plugin-chai-expect-2.0.1.tgz",
      "integrity": "sha512-HiFoh9F9grVdVQEIwADwPA7SlcGZcsm9gdzZGDoH2SeUoUmYrUuq1cQmfjyOfqRpFOL6qlhcz5nZW2ppTH9ZlQ=="
    },
    "g": {
      "version": "2.0.1",
      "resolved": "https://registry.npmjs.org/g/-/g-2.0.1.tgz",
      "integrity": "sha1-C1lj69DKcOO8jGdmk0oCGCHIuFc="
    }
  }
}
